// !$*UTF8*$!
{
	archiveVersion = 1;
	classes = {
	};
	objectVersion = 50;
	objects = {

/* Begin PBXBuildFile section */
		8B472359256BBC0500EA07A1 /* AppDelegate.swift in Sources */ = {isa = PBXBuildFile; fileRef = 8B472358256BBC0500EA07A1 /* AppDelegate.swift */; };
		8B47235B256BBC0500EA07A1 /* SceneDelegate.swift in Sources */ = {isa = PBXBuildFile; fileRef = 8B47235A256BBC0500EA07A1 /* SceneDelegate.swift */; };
		8B47235D256BBC0500EA07A1 /* TodoListViewController.swift in Sources */ = {isa = PBXBuildFile; fileRef = 8B47235C256BBC0500EA07A1 /* TodoListViewController.swift */; };
		8B472360256BBC0500EA07A1 /* Main.storyboard in Resources */ = {isa = PBXBuildFile; fileRef = 8B47235E256BBC0500EA07A1 /* Main.storyboard */; };
		8B472362256BBC0800EA07A1 /* Assets.xcassets in Resources */ = {isa = PBXBuildFile; fileRef = 8B472361256BBC0800EA07A1 /* Assets.xcassets */; };
		8B472365256BBC0800EA07A1 /* LaunchScreen.storyboard in Resources */ = {isa = PBXBuildFile; fileRef = 8B472363256BBC0800EA07A1 /* LaunchScreen.storyboard */; };
		8B75D4942576AF3F004ED49A /* Item.swift in Sources */ = {isa = PBXBuildFile; fileRef = 8B75D4932576AF3F004ED49A /* Item.swift */; };
/* End PBXBuildFile section */

/* Begin PBXFileReference section */
		8B472355256BBC0500EA07A1 /* Todo.app */ = {isa = PBXFileReference; explicitFileType = wrapper.application; includeInIndex = 0; path = Todo.app; sourceTree = BUILT_PRODUCTS_DIR; };
		8B472358256BBC0500EA07A1 /* AppDelegate.swift */ = {isa = PBXFileReference; lastKnownFileType = sourcecode.swift; path = AppDelegate.swift; sourceTree = "<group>"; };
		8B47235A256BBC0500EA07A1 /* SceneDelegate.swift */ = {isa = PBXFileReference; lastKnownFileType = sourcecode.swift; path = SceneDelegate.swift; sourceTree = "<group>"; };
		8B47235C256BBC0500EA07A1 /* TodoListViewController.swift */ = {isa = PBXFileReference; lastKnownFileType = sourcecode.swift; path = TodoListViewController.swift; sourceTree = "<group>"; };
		8B47235F256BBC0500EA07A1 /* Base */ = {isa = PBXFileReference; lastKnownFileType = file.storyboard; name = Base; path = Base.lproj/Main.storyboard; sourceTree = "<group>"; };
		8B472361256BBC0800EA07A1 /* Assets.xcassets */ = {isa = PBXFileReference; lastKnownFileType = folder.assetcatalog; path = Assets.xcassets; sourceTree = "<group>"; };
		8B472364256BBC0800EA07A1 /* Base */ = {isa = PBXFileReference; lastKnownFileType = file.storyboard; name = Base; path = Base.lproj/LaunchScreen.storyboard; sourceTree = "<group>"; };
		8B472366256BBC0800EA07A1 /* Info.plist */ = {isa = PBXFileReference; lastKnownFileType = text.plist.xml; path = Info.plist; sourceTree = "<group>"; };
		8B75D4932576AF3F004ED49A /* Item.swift */ = {isa = PBXFileReference; lastKnownFileType = sourcecode.swift; path = Item.swift; sourceTree = "<group>"; };
/* End PBXFileReference section */

/* Begin PBXFrameworksBuildPhase section */
		8B472352256BBC0500EA07A1 /* Frameworks */ = {
			isa = PBXFrameworksBuildPhase;
			buildActionMask = 2147483647;
			files = (
			);
			runOnlyForDeploymentPostprocessing = 0;
		};
/* End PBXFrameworksBuildPhase section */

/* Begin PBXGroup section */
		8B47234C256BBC0500EA07A1 = {
			isa = PBXGroup;
			children = (
				8B472357256BBC0500EA07A1 /* Todo */,
				8B472356256BBC0500EA07A1 /* Products */,
			);
			sourceTree = "<group>";
		};
		8B472356256BBC0500EA07A1 /* Products */ = {
			isa = PBXGroup;
			children = (
				8B472355256BBC0500EA07A1 /* Todo.app */,
			);
			name = Products;
			sourceTree = "<group>";
		};
		8B472357256BBC0500EA07A1 /* Todo */ = {
			isa = PBXGroup;
			children = (
				8B472358256BBC0500EA07A1 /* AppDelegate.swift */,
				8B47235A256BBC0500EA07A1 /* SceneDelegate.swift */,
				8B75D49C2576AFCF004ED49A /* Models */,
				8B75D4992576AF9B004ED49A /* Views */,
				8B75D49A2576AFAD004ED49A /* Controllers */,
				8B75D4982576AF8B004ED49A /* Supporting Files */,
				8B472366256BBC0800EA07A1 /* Info.plist */,
			);
			path = Todo;
			sourceTree = "<group>";
		};
		8B75D4982576AF8B004ED49A /* Supporting Files */ = {
			isa = PBXGroup;
			children = (
				8B472361256BBC0800EA07A1 /* Assets.xcassets */,
				8B472363256BBC0800EA07A1 /* LaunchScreen.storyboard */,
			);
			path = "Supporting Files";
			sourceTree = "<group>";
		};
		8B75D4992576AF9B004ED49A /* Views */ = {
			isa = PBXGroup;
			children = (
				8B47235E256BBC0500EA07A1 /* Main.storyboard */,
			);
			path = Views;
			sourceTree = "<group>";
		};
		8B75D49A2576AFAD004ED49A /* Controllers */ = {
			isa = PBXGroup;
			children = (
				8B47235C256BBC0500EA07A1 /* TodoListViewController.swift */,
			);
			path = Controllers;
			sourceTree = "<group>";
		};
		8B75D49C2576AFCF004ED49A /* Models */ = {
			isa = PBXGroup;
			children = (
				8B75D4932576AF3F004ED49A /* Item.swift */,
			);
			path = Models;
			sourceTree = "<group>";
		};
/* End PBXGroup section */

/* Begin PBXNativeTarget section */
		8B472354256BBC0500EA07A1 /* Todo */ = {
			isa = PBXNativeTarget;
			buildConfigurationList = 8B472369256BBC0800EA07A1 /* Build configuration list for PBXNativeTarget "Todo" */;
			buildPhases = (
				8B472351256BBC0500EA07A1 /* Sources */,
				8B472352256BBC0500EA07A1 /* Frameworks */,
				8B472353256BBC0500EA07A1 /* Resources */,
			);
			buildRules = (
			);
			dependencies = (
			);
			name = Todo;
			productName = Todo;
			productReference = 8B472355256BBC0500EA07A1 /* Todo.app */;
			productType = "com.apple.product-type.application";
		};
/* End PBXNativeTarget section */

/* Begin PBXProject section */
		8B47234D256BBC0500EA07A1 /* Project object */ = {
			isa = PBXProject;
			attributes = {
				LastSwiftUpdateCheck = 1170;
				LastUpgradeCheck = 1170;
				ORGANIZATIONNAME = "Константин Доронин";
				TargetAttributes = {
					8B472354256BBC0500EA07A1 = {
						CreatedOnToolsVersion = 11.7;
					};
				};
			};
			buildConfigurationList = 8B472350256BBC0500EA07A1 /* Build configuration list for PBXProject "Todo" */;
			compatibilityVersion = "Xcode 9.3";
			developmentRegion = en;
			hasScannedForEncodings = 0;
			knownRegions = (
				en,
				Base,
			);
			mainGroup = 8B47234C256BBC0500EA07A1;
			productRefGroup = 8B472356256BBC0500EA07A1 /* Products */;
			projectDirPath = "";
			projectRoot = "";
			targets = (
				8B472354256BBC0500EA07A1 /* Todo */,
			);
		};
/* End PBXProject section */

/* Begin PBXResourcesBuildPhase section */
		8B472353256BBC0500EA07A1 /* Resources */ = {
			isa = PBXResourcesBuildPhase;
			buildActionMask = 2147483647;
			files = (
				8B472365256BBC0800EA07A1 /* LaunchScreen.storyboard in Resources */,
				8B472362256BBC0800EA07A1 /* Assets.xcassets in Resources */,
				8B472360256BBC0500EA07A1 /* Main.storyboard in Resources */,
			);
			runOnlyForDeploymentPostprocessing = 0;
		};
/* End PBXResourcesBuildPhase section */

/* Begin PBXSourcesBuildPhase section */
		8B472351256BBC0500EA07A1 /* Sources */ = {
			isa = PBXSourcesBuildPhase;
			buildActionMask = 2147483647;
			files = (
				8B75D4942576AF3F004ED49A /* Item.swift in Sources */,
				8B47235D256BBC0500EA07A1 /* TodoListViewController.swift in Sources */,
				8B472359256BBC0500EA07A1 /* AppDelegate.swift in Sources */,
				8B47235B256BBC0500EA07A1 /* SceneDelegate.swift in Sources */,
			);
			runOnlyForDeploymentPostprocessing = 0;
		};
/* End PBXSourcesBuildPhase section */

/* Begin PBXVariantGroup section */
		8B47235E256BBC0500EA07A1 /* Main.storyboard */ = {
			isa = PBXVariantGroup;
			children = (
				8B47235F256BBC0500EA07A1 /* Base */,
			);
			name = Main.storyboard;
			sourceTree = "<group>";
		};
		8B472363256BBC0800EA07A1 /* LaunchScreen.storyboard */ = {
			isa = PBXVariantGroup;
			children = (
				8B472364256BBC0800EA07A1 /* Base */,
			);
			name = LaunchScreen.storyboard;
			sourceTree = "<group>";
		};
/* End PBXVariantGroup section */

/* Begin XCBuildConfiguration section */
		8B472367256BBC0800EA07A1 /* Debug */ = {
			isa = XCBuildConfiguration;
			buildSettings = {
				ALWAYS_SEARCH_USER_PATHS = NO;
				CLANG_ANALYZER_NONNULL = YES;
				CLANG_ANALYZER_NUMBER_OBJECT_CONVERSION = YES_AGGRESSIVE;
				CLANG_CXX_LANGUAGE_STANDARD = "gnu++14";
				CLANG_CXX_LIBRARY = "libc++";
				CLANG_ENABLE_MODULES = YES;
				CLANG_ENABLE_OBJC_ARC = YES;
				CLANG_ENABLE_OBJC_WEAK = YES;
				CLANG_WARN_BLOCK_CAPTURE_AUTORELEASING = YES;
				CLANG_WARN_BOOL_CONVERSION = YES;
				CLANG_WARN_COMMA = YES;
				CLANG_WARN_CONSTANT_CONVERSION = YES;
				CLANG_WARN_DEPRECATED_OBJC_IMPLEMENTATIONS = YES;
				CLANG_WARN_DIRECT_OBJC_ISA_USAGE = YES_ERROR;
				CLANG_WARN_DOCUMENTATION_COMMENTS = YES;
				CLANG_WARN_EMPTY_BODY = YES;
				CLANG_WARN_ENUM_CONVERSION = YES;
				CLANG_WARN_INFINITE_RECURSION = YES;
				CLANG_WARN_INT_CONVERSION = YES;
				CLANG_WARN_NON_LITERAL_NULL_CONVERSION = YES;
				CLANG_WARN_OBJC_IMPLICIT_RETAIN_SELF = YES;
				CLANG_WARN_OBJC_LITERAL_CONVERSION = YES;
				CLANG_WARN_OBJC_ROOT_CLASS = YES_ERROR;
				CLANG_WARN_RANGE_LOOP_ANALYSIS = YES;
				CLANG_WARN_STRICT_PROTOTYPES = YES;
				CLANG_WARN_SUSPICIOUS_MOVE = YES;
				CLANG_WARN_UNGUARDED_AVAILABILITY = YES_AGGRESSIVE;
				CLANG_WARN_UNREACHABLE_CODE = YES;
				CLANG_WARN__DUPLICATE_METHOD_MATCH = YES;
				COPY_PHASE_STRIP = NO;
				DEBUG_INFORMATION_FORMAT = dwarf;
				ENABLE_STRICT_OBJC_MSGSEND = YES;
				ENABLE_TESTABILITY = YES;
				GCC_C_LANGUAGE_STANDARD = gnu11;
				GCC_DYNAMIC_NO_PIC = NO;
				GCC_NO_COMMON_BLOCKS = YES;
				GCC_OPTIMIZATION_LEVEL = 0;
				GCC_PREPROCESSOR_DEFINITIONS = (
					"DEBUG=1",
					"$(inherited)",
				);
				GCC_WARN_64_TO_32_BIT_CONVERSION = YES;
				GCC_WARN_ABOUT_RETURN_TYPE = YES_ERROR;
				GCC_WARN_UNDECLARED_SELECTOR = YES;
				GCC_WARN_UNINITIALIZED_AUTOS = YES_AGGRESSIVE;
				GCC_WARN_UNUSED_FUNCTION = YES;
				GCC_WARN_UNUSED_VARIABLE = YES;
				IPHONEOS_DEPLOYMENT_TARGET = 13.7;
				MTL_ENABLE_DEBUG_INFO = INCLUDE_SOURCE;
				MTL_FAST_MATH = YES;
				ONLY_ACTIVE_ARCH = YES;
				SDKROOT = iphoneos;
				SWIFT_ACTIVE_COMPILATION_CONDITIONS = DEBUG;
				SWIFT_OPTIMIZATION_LEVEL = "-Onone";
			};
			name = Debug;
		};
		8B472368256BBC0800EA07A1 /* Release */ = {
			isa = XCBuildConfiguration;
			buildSettings = {
				ALWAYS_SEARCH_USER_PATHS = NO;
				CLANG_ANALYZER_NONNULL = YES;
				CLANG_ANALYZER_NUMBER_OBJECT_CONVERSION = YES_AGGRESSIVE;
				CLANG_CXX_LANGUAGE_STANDARD = "gnu++14";
				CLANG_CXX_LIBRARY = "libc++";
				CLANG_ENABLE_MODULES = YES;
				CLANG_ENABLE_OBJC_ARC = YES;
				CLANG_ENABLE_OBJC_WEAK = YES;
				CLANG_WARN_BLOCK_CAPTURE_AUTORELEASING = YES;
				CLANG_WARN_BOOL_CONVERSION = YES;
				CLANG_WARN_COMMA = YES;
				CLANG_WARN_CONSTANT_CONVERSION = YES;
				CLANG_WARN_DEPRECATED_OBJC_IMPLEMENTATIONS = YES;
				CLANG_WARN_DIRECT_OBJC_ISA_USAGE = YES_ERROR;
				CLANG_WARN_DOCUMENTATION_COMMENTS = YES;
				CLANG_WARN_EMPTY_BODY = YES;
				CLANG_WARN_ENUM_CONVERSION = YES;
				CLANG_WARN_INFINITE_RECURSION = YES;
				CLANG_WARN_INT_CONVERSION = YES;
				CLANG_WARN_NON_LITERAL_NULL_CONVERSION = YES;
				CLANG_WARN_OBJC_IMPLICIT_RETAIN_SELF = YES;
				CLANG_WARN_OBJC_LITERAL_CONVERSION = YES;
				CLANG_WARN_OBJC_ROOT_CLASS = YES_ERROR;
				CLANG_WARN_RANGE_LOOP_ANALYSIS = YES;
				CLANG_WARN_STRICT_PROTOTYPES = YES;
				CLANG_WARN_SUSPICIOUS_MOVE = YES;
				CLANG_WARN_UNGUARDED_AVAILABILITY = YES_AGGRESSIVE;
				CLANG_WARN_UNREACHABLE_CODE = YES;
				CLANG_WARN__DUPLICATE_METHOD_MATCH = YES;
				COPY_PHASE_STRIP = NO;
				DEBUG_INFORMATION_FORMAT = "dwarf-with-dsym";
				ENABLE_NS_ASSERTIONS = NO;
				ENABLE_STRICT_OBJC_MSGSEND = YES;
				GCC_C_LANGUAGE_STANDARD = gnu11;
				GCC_NO_COMMON_BLOCKS = YES;
				GCC_WARN_64_TO_32_BIT_CONVERSION = YES;
				GCC_WARN_ABOUT_RETURN_TYPE = YES_ERROR;
				GCC_WARN_UNDECLARED_SELECTOR = YES;
				GCC_WARN_UNINITIALIZED_AUTOS = YES_AGGRESSIVE;
				GCC_WARN_UNUSED_FUNCTION = YES;
				GCC_WARN_UNUSED_VARIABLE = YES;
				IPHONEOS_DEPLOYMENT_TARGET = 13.7;
				MTL_ENABLE_DEBUG_INFO = NO;
				MTL_FAST_MATH = YES;
				SDKROOT = iphoneos;
				SWIFT_COMPILATION_MODE = wholemodule;
				SWIFT_OPTIMIZATION_LEVEL = "-O";
				VALIDATE_PRODUCT = YES;
			};
			name = Release;
		};
		8B47236A256BBC0800EA07A1 /* Debug */ = {
			isa = XCBuildConfiguration;
			buildSettings = {
				ASSETCATALOG_COMPILER_APPICON_NAME = AppIcon;
				CODE_SIGN_STYLE = Automatic;
				DEVELOPMENT_TEAM = P594Y46LY6;
				INFOPLIST_FILE = Todo/Info.plist;
				LD_RUNPATH_SEARCH_PATHS = (
					"$(inherited)",
					"@executable_path/Frameworks",
				);
				PRODUCT_BUNDLE_IDENTIFIER = me.Todo;
				PRODUCT_NAME = "$(TARGET_NAME)";
				SWIFT_VERSION = 5.0;
				TARGETED_DEVICE_FAMILY = "1,2";
			};
			name = Debug;
		};
		8B47236B256BBC0800EA07A1 /* Release */ = {
			isa = XCBuildConfiguration;
			buildSettings = {
				ASSETCATALOG_COMPILER_APPICON_NAME = AppIcon;
				CODE_SIGN_STYLE = Automatic;
				DEVELOPMENT_TEAM = P594Y46LY6;
				INFOPLIST_FILE = Todo/Info.plist;
				LD_RUNPATH_SEARCH_PATHS = (
					"$(inherited)",
					"@executable_path/Frameworks",
				);
				PRODUCT_BUNDLE_IDENTIFIER = me.Todo;
				PRODUCT_NAME = "$(TARGET_NAME)";
				SWIFT_VERSION = 5.0;
				TARGETED_DEVICE_FAMILY = "1,2";
			};
			name = Release;
		};
/* End XCBuildConfiguration section */

/* Begin XCConfigurationList section */
		8B472350256BBC0500EA07A1 /* Build configuration list for PBXProject "Todo" */ = {
			isa = XCConfigurationList;
			buildConfigurations = (
				8B472367256BBC0800EA07A1 /* Debug */,
				8B472368256BBC0800EA07A1 /* Release */,
			);
			defaultConfigurationIsVisible = 0;
			defaultConfigurationName = Release;
		};
		8B472369256BBC0800EA07A1 /* Build configuration list for PBXNativeTarget "Todo" */ = {
			isa = XCConfigurationList;
			buildConfigurations = (
				8B47236A256BBC0800EA07A1 /* Debug */,
				8B47236B256BBC0800EA07A1 /* Release */,
			);
			defaultConfigurationIsVisible = 0;
			defaultConfigurationName = Release;
		};
/* End XCConfigurationList section */
	};
	rootObject = 8B47234D256BBC0500EA07A1 /* Project object */;
}
